
Microsoft Visual Studio Solution File, Format Version 12.00
# Visual Studio 2013
VisualStudioVersion = 12.0.21005.1
MinimumVisualStudioVersion = 10.0.40219.1
Project("{E24C65DC-7377-472B-9ABA-BC803B73C61A}") = "CMS", "http://localhost:17531", "{50BBE4C7-123D-493A-8D71-ED4B96D27A91}"
	ProjectSection(WebsiteProperties) = preProject
		UseIISExpress = "true"
		TargetFrameworkMoniker = ".NETFramework,Version%3Dv4.0"
		Debug.AspNetCompiler.VirtualPath = "/localhost_17531"
		Debug.AspNetCompiler.PhysicalPath = "CMS\"
		Debug.AspNetCompiler.TargetPath = "PrecompiledWeb\localhost_17531\"
		Debug.AspNetCompiler.Updateable = "true"
		Debug.AspNetCompiler.ForceOverwrite = "true"
		Debug.AspNetCompiler.FixedNames = "false"
		Debug.AspNetCompiler.Debug = "True"
		Release.AspNetCompiler.VirtualPath = "/localhost_17531"
		Release.AspNetCompiler.PhysicalPath = "CMS\"
		Release.AspNetCompiler.TargetPath = "PrecompiledWeb\localhost_17531\"
		Release.AspNetCompiler.Updateable = "true"
		Release.AspNetCompiler.ForceOverwrite = "true"
		Release.AspNetCompiler.FixedNames = "false"
		Release.AspNetCompiler.Debug = "False"
		SlnRelativePath = "CMS\"
	EndProjectSection
EndProject
Project("{E24C65DC-7377-472B-9ABA-BC803B73C61A}") = "FilesServer", "http://localhost:17542", "{78D6AF7C-6089-45C5-9056-DE20E2110239}"
	ProjectSection(WebsiteProperties) = preProject
		UseIISExpress = "true"
		TargetFrameworkMoniker = ".NETFramework,Version%3Dv4.0"
		Debug.AspNetCompiler.VirtualPath = "/localhost_17542"
		Debug.AspNetCompiler.PhysicalPath = "FilesServer\"
		Debug.AspNetCompiler.TargetPath = "PrecompiledWeb\localhost_17542\"
		Debug.AspNetCompiler.Updateable = "true"
		Debug.AspNetCompiler.ForceOverwrite = "true"
		Debug.AspNetCompiler.FixedNames = "false"
		Debug.AspNetCompiler.Debug = "True"
		Release.AspNetCompiler.VirtualPath = "/localhost_17542"
		Release.AspNetCompiler.PhysicalPath = "FilesServer\"
		Release.AspNetCompiler.TargetPath = "PrecompiledWeb\localhost_17542\"
		Release.AspNetCompiler.Updateable = "true"
		Release.AspNetCompiler.ForceOverwrite = "true"
		Release.AspNetCompiler.FixedNames = "false"
		Release.AspNetCompiler.Debug = "False"
		SlnRelativePath = "FilesServer\"
	EndProjectSection
EndProject
Project("{E24C65DC-7377-472B-9ABA-BC803B73C61A}") = "DBScripts", "http://localhost:18310", "{7BCDD78B-05A1-49B3-8449-619DD8EB9544}"
	ProjectSection(WebsiteProperties) = preProject
		UseIISExpress = "true"
		TargetFrameworkMoniker = ".NETFramework,Version%3Dv4.0"
		Debug.AspNetCompiler.VirtualPath = "/localhost_18310"
		Debug.AspNetCompiler.PhysicalPath = "DBScripts\"
		Debug.AspNetCompiler.TargetPath = "PrecompiledWeb\localhost_18310\"
		Debug.AspNetCompiler.Updateable = "true"
		Debug.AspNetCompiler.ForceOverwrite = "true"
		Debug.AspNetCompiler.FixedNames = "false"
		Debug.AspNetCompiler.Debug = "True"
		Release.AspNetCompiler.VirtualPath = "/localhost_18310"
		Release.AspNetCompiler.PhysicalPath = "DBScripts\"
		Release.AspNetCompiler.TargetPath = "PrecompiledWeb\localhost_18310\"
		Release.AspNetCompiler.Updateable = "true"
		Release.AspNetCompiler.ForceOverwrite = "true"
		Release.AspNetCompiler.FixedNames = "false"
		Release.AspNetCompiler.Debug = "False"
		SlnRelativePath = "DBScripts\"
	EndProjectSection
EndProject
Project("{2150E333-8FDC-42A3-9474-1A3956D46DE8}") = ".nuget", ".nuget", "{DA729BAF-B9EB-42CA-A585-A02C39A84E69}"
	ProjectSection(SolutionItems) = preProject
		.nuget\NuGet.Config = .nuget\NuGet.Config
		.nuget\NuGet.exe = .nuget\NuGet.exe
		.nuget\NuGet.targets = .nuget\NuGet.targets
	EndProjectSection
EndProject
Project("{E24C65DC-7377-472B-9ABA-BC803B73C61A}") = "DoctorWeb", "http://localhost:13721", "{6642FD98-B579-49B8-9611-0CAA2141953E}"
	ProjectSection(WebsiteProperties) = preProject
		UseIISExpress = "true"
		TargetFrameworkMoniker = ".NETFramework,Version%3Dv4.0"
		Debug.AspNetCompiler.VirtualPath = "/localhost_13721"
		Debug.AspNetCompiler.PhysicalPath = "DoctorWeb\"
		Debug.AspNetCompiler.TargetPath = "PrecompiledWeb\localhost_13721\"
		Debug.AspNetCompiler.Updateable = "true"
		Debug.AspNetCompiler.ForceOverwrite = "true"
		Debug.AspNetCompiler.FixedNames = "false"
		Debug.AspNetCompiler.Debug = "True"
		Release.AspNetCompiler.VirtualPath = "/localhost_13721"
		Release.AspNetCompiler.PhysicalPath = "DoctorWeb\"
		Release.AspNetCompiler.TargetPath = "PrecompiledWeb\localhost_13721\"
		Release.AspNetCompiler.Updateable = "true"
		Release.AspNetCompiler.ForceOverwrite = "true"
		Release.AspNetCompiler.FixedNames = "false"
		Release.AspNetCompiler.Debug = "False"
		SlnRelativePath = "DoctorWeb\"
	EndProjectSection
EndProject
Project("{E24C65DC-7377-472B-9ABA-BC803B73C61A}") = "API", "http://localhost:15004", "{6A32011E-35FD-4847-A7CF-CE1FC9ADF8FC}"
	ProjectSection(WebsiteProperties) = preProject
		UseIISExpress = "true"
		TargetFrameworkMoniker = ".NETFramework,Version%3Dv4.0"
		Debug.AspNetCompiler.VirtualPath = "/localhost_15004"
		Debug.AspNetCompiler.PhysicalPath = "API\"
		Debug.AspNetCompiler.TargetPath = "PrecompiledWeb\localhost_15004\"
		Debug.AspNetCompiler.Updateable = "true"
		Debug.AspNetCompiler.ForceOverwrite = "true"
		Debug.AspNetCompiler.FixedNames = "false"
		Debug.AspNetCompiler.Debug = "True"
		Release.AspNetCompiler.VirtualPath = "/localhost_15004"
		Release.AspNetCompiler.PhysicalPath = "API\"
		Release.AspNetCompiler.TargetPath = "PrecompiledWeb\localhost_15004\"
		Release.AspNetCompiler.Updateable = "true"
		Release.AspNetCompiler.ForceOverwrite = "true"
		Release.AspNetCompiler.FixedNames = "false"
		Release.AspNetCompiler.Debug = "False"
		SlnRelativePath = "API\"
	EndProjectSection
EndProject
Global
	GlobalSection(SolutionConfigurationPlatforms) = preSolution
		Debug|Any CPU = Debug|Any CPU
		Release|Any CPU = Release|Any CPU
	EndGlobalSection
	GlobalSection(ProjectConfigurationPlatforms) = postSolution
		{50BBE4C7-123D-493A-8D71-ED4B96D27A91}.Debug|Any CPU.ActiveCfg = Debug|Any CPU
		{50BBE4C7-123D-493A-8D71-ED4B96D27A91}.Debug|Any CPU.Build.0 = Debug|Any CPU
		{50BBE4C7-123D-493A-8D71-ED4B96D27A91}.Release|Any CPU.ActiveCfg = Debug|Any CPU
		{50BBE4C7-123D-493A-8D71-ED4B96D27A91}.Release|Any CPU.Build.0 = Debug|Any CPU
		{78D6AF7C-6089-45C5-9056-DE20E2110239}.Debug|Any CPU.ActiveCfg = Debug|Any CPU
		{78D6AF7C-6089-45C5-9056-DE20E2110239}.Debug|Any CPU.Build.0 = Debug|Any CPU
		{78D6AF7C-6089-45C5-9056-DE20E2110239}.Release|Any CPU.ActiveCfg = Debug|Any CPU
		{78D6AF7C-6089-45C5-9056-DE20E2110239}.Release|Any CPU.Build.0 = Debug|Any CPU
		{7BCDD78B-05A1-49B3-8449-619DD8EB9544}.Debug|Any CPU.ActiveCfg = Debug|Any CPU
		{7BCDD78B-05A1-49B3-8449-619DD8EB9544}.Debug|Any CPU.Build.0 = Debug|Any CPU
		{7BCDD78B-05A1-49B3-8449-619DD8EB9544}.Release|Any CPU.ActiveCfg = Debug|Any CPU
		{7BCDD78B-05A1-49B3-8449-619DD8EB9544}.Release|Any CPU.Build.0 = Debug|Any CPU
		{6642FD98-B579-49B8-9611-0CAA2141953E}.Debug|Any CPU.ActiveCfg = Debug|Any CPU
		{6642FD98-B579-49B8-9611-0CAA2141953E}.Debug|Any CPU.Build.0 = Debug|Any CPU
		{6642FD98-B579-49B8-9611-0CAA2141953E}.Release|Any CPU.ActiveCfg = Debug|Any CPU
		{6642FD98-B579-49B8-9611-0CAA2141953E}.Release|Any CPU.Build.0 = Debug|Any CPU
		{6A32011E-35FD-4847-A7CF-CE1FC9ADF8FC}.Debug|Any CPU.ActiveCfg = Debug|Any CPU
		{6A32011E-35FD-4847-A7CF-CE1FC9ADF8FC}.Debug|Any CPU.Build.0 = Debug|Any CPU
		{6A32011E-35FD-4847-A7CF-CE1FC9ADF8FC}.Release|Any CPU.ActiveCfg = Debug|Any CPU
		{6A32011E-35FD-4847-A7CF-CE1FC9ADF8FC}.Release|Any CPU.Build.0 = Debug|Any CPU
	EndGlobalSection
	GlobalSection(SolutionProperties) = preSolution
		HideSolutionNode = FALSE
	EndGlobalSection
EndGlobal
